# THIS IS AN AUTOGENERATED FILE. DO NOT EDIT THIS FILE DIRECTLY.
# yarn lockfile v1


cuid@^2.1.1:
  version "2.1.1"
  resolved "https://registry.yarnpkg.com/cuid/-/cuid-2.1.1.tgz#3b0fccbda1089ff123a127320c860b975200d62b"

faker@^4.1.0:
  version "4.1.0"
  resolved "https://registry.yarnpkg.com/faker/-/faker-4.1.0.tgz#1e45bbbecc6774b3c195fad2835109c6d748cc3f"

rxjs-compat@6:
  version "6.2.2"
  resolved "https://registry.yarnpkg.com/rxjs-compat/-/rxjs-compat-6.2.2.tgz#3c0fcdb46130cc70aa55412c2b1147905ab4680a"

rxjs@6:
  version "6.2.2"
  resolved "https://registry.yarnpkg.com/rxjs/-/rxjs-6.2.2.tgz#eb75fa3c186ff5289907d06483a77884586e1cf9"
  dependencies:
    tslib "^1.9.0"

tslib@^1.9.0:
  version "1.9.3"
  resolved "https://registry.yarnpkg.com/tslib/-/tslib-1.9.3.tgz#d7e4dd79245d85428c4d7e4822a79917954ca286"

zen-observable@^0.8.9:
  version "0.8.9"
  resolved "https://registry.yarnpkg.com/zen-observable/-/zen-observable-0.8.9.tgz#0475c760ff0eda046bbdfa4dc3f95d392807ac53"
